
Microsoft Visual Studio Solution File, Format Version 12.00
# Visual Studio Version 17
VisualStudioVersion = 17.0.31521.260
MinimumVisualStudioVersion = 10.0.40219.1
Project("{8BC9CEB8-8B4A-11D0-8D11-00A0C91BC942}") = "caco_alch", "caco_alch\caco_alch.vcxitems", "{FC2E44F0-3525-476A-91FF-97FE78B57EC7}"
EndProject
Project("{8BC9CEB8-8B4A-11D0-8D11-00A0C91BC942}") = "alch-windows", "alch_win\alch_win.vcxproj", "{6F1ABA7F-4BBE-4D68-A5D1-A625452CDDDA}"
EndProject
Project("{8BC9CEB8-8B4A-11D0-8D11-00A0C91BC942}") = "SharedLib", "..\shared library\SharedLib\SharedLib.vcxitems", "{25144A18-EE89-4CEB-92E5-FDACF4247449}"
EndProject
Project("{8BC9CEB8-8B4A-11D0-8D11-00A0C91BC942}") = "build-registry", "build-registry\build-registry.vcxproj", "{6B0EF6DF-D397-44CE-B827-6AB2EE279F84}"
EndProject
Project("{8BC9CEB8-8B4A-11D0-8D11-00A0C91BC942}") = "parserlib", "..\..\ArgumentParser\parserlib\parserlib.vcxitems", "{D67CD0B3-39B2-4B74-944A-CF68A393AEDE}"
EndProject
Global
	GlobalSection(SharedMSBuildProjectFiles) = preSolution
		..\shared library\SharedLib\SharedLib.vcxitems*{25144a18-ee89-4ceb-92e5-fdacf4247449}*SharedItemsImports = 9
		caco_alch\caco_alch.vcxitems*{6b0ef6df-d397-44ce-b827-6ab2ee279f84}*SharedItemsImports = 4
		..\shared library\SharedLib\SharedLib.vcxitems*{6b0ef6df-d397-44ce-b827-6ab2ee279f84}*SharedItemsImports = 4
		..\..\ArgumentParser\parserlib\parserlib.vcxitems*{6f1aba7f-4bbe-4d68-a5d1-a625452cddda}*SharedItemsImports = 4
		caco_alch\caco_alch.vcxitems*{6f1aba7f-4bbe-4d68-a5d1-a625452cddda}*SharedItemsImports = 4
		..\shared library\SharedLib\SharedLib.vcxitems*{6f1aba7f-4bbe-4d68-a5d1-a625452cddda}*SharedItemsImports = 4
		..\..\ArgumentParser\parserlib\parserlib.vcxitems*{d67cd0b3-39b2-4b74-944a-cf68a393aede}*SharedItemsImports = 9
		caco_alch\caco_alch.vcxitems*{fc2e44f0-3525-476a-91ff-97fe78b57ec7}*SharedItemsImports = 9
	EndGlobalSection
	GlobalSection(SolutionConfigurationPlatforms) = preSolution
		Debug|ARM = Debug|ARM
		Debug|ARM64 = Debug|ARM64
		Debug|x64 = Debug|x64
		Debug|x86 = Debug|x86
		Release|ARM = Release|ARM
		Release|ARM64 = Release|ARM64
		Release|x64 = Release|x64
		Release|x86 = Release|x86
	EndGlobalSection
	GlobalSection(ProjectConfigurationPlatforms) = postSolution
		{6F1ABA7F-4BBE-4D68-A5D1-A625452CDDDA}.Debug|ARM.ActiveCfg = Debug|Win32
		{6F1ABA7F-4BBE-4D68-A5D1-A625452CDDDA}.Debug|ARM64.ActiveCfg = Debug|Win32
		{6F1ABA7F-4BBE-4D68-A5D1-A625452CDDDA}.Debug|x64.ActiveCfg = Debug|x64
		{6F1ABA7F-4BBE-4D68-A5D1-A625452CDDDA}.Debug|x64.Build.0 = Debug|x64
		{6F1ABA7F-4BBE-4D68-A5D1-A625452CDDDA}.Debug|x86.ActiveCfg = Debug|Win32
		{6F1ABA7F-4BBE-4D68-A5D1-A625452CDDDA}.Debug|x86.Build.0 = Debug|Win32
		{6F1ABA7F-4BBE-4D68-A5D1-A625452CDDDA}.Release|ARM.ActiveCfg = Release|Win32
		{6F1ABA7F-4BBE-4D68-A5D1-A625452CDDDA}.Release|ARM64.ActiveCfg = Release|Win32
		{6F1ABA7F-4BBE-4D68-A5D1-A625452CDDDA}.Release|x64.ActiveCfg = Release|x64
		{6F1ABA7F-4BBE-4D68-A5D1-A625452CDDDA}.Release|x64.Build.0 = Release|x64
		{6F1ABA7F-4BBE-4D68-A5D1-A625452CDDDA}.Release|x86.ActiveCfg = Release|Win32
		{6F1ABA7F-4BBE-4D68-A5D1-A625452CDDDA}.Release|x86.Build.0 = Release|Win32
		{6B0EF6DF-D397-44CE-B827-6AB2EE279F84}.Debug|ARM.ActiveCfg = Debug|Win32
		{6B0EF6DF-D397-44CE-B827-6AB2EE279F84}.Debug|ARM64.ActiveCfg = Debug|Win32
		{6B0EF6DF-D397-44CE-B827-6AB2EE279F84}.Debug|x64.ActiveCfg = Debug|x64
		{6B0EF6DF-D397-44CE-B827-6AB2EE279F84}.Debug|x64.Build.0 = Debug|x64
		{6B0EF6DF-D397-44CE-B827-6AB2EE279F84}.Debug|x86.ActiveCfg = Debug|Win32
		{6B0EF6DF-D397-44CE-B827-6AB2EE279F84}.Release|ARM.ActiveCfg = Release|Win32
		{6B0EF6DF-D397-44CE-B827-6AB2EE279F84}.Release|ARM64.ActiveCfg = Release|Win32
		{6B0EF6DF-D397-44CE-B827-6AB2EE279F84}.Release|x64.ActiveCfg = Release|x64
		{6B0EF6DF-D397-44CE-B827-6AB2EE279F84}.Release|x64.Build.0 = Release|x64
		{6B0EF6DF-D397-44CE-B827-6AB2EE279F84}.Release|x86.ActiveCfg = Release|Win32
	EndGlobalSection
	GlobalSection(SolutionProperties) = preSolution
		HideSolutionNode = FALSE
	EndGlobalSection
	GlobalSection(ExtensibilityGlobals) = postSolution
		SolutionGuid = {83E9B725-B76C-4900-B3E2-D089712E6534}
	EndGlobalSection
EndGlobal
