<?xml version="1.0" encoding="utf-8"?>
<Project ToolsVersion="4.0" xmlns="http://schemas.microsoft.com/developer/msbuild/2003">
  <ItemGroup>
    <Filter Include="Config">
      <UniqueIdentifier>{e84a7957-6e33-4f98-97e7-d73449e66748}</UniqueIdentifier>
    </Filter>
    <Filter Include="Headers">
      <UniqueIdentifier>{d8170615-f749-42d7-9e84-fd9db86b5c2d}</UniqueIdentifier>
    </Filter>
    <Filter Include="Headers\Ingredients">
      <UniqueIdentifier>{5dbacf92-4899-46f2-80a5-178683a77861}</UniqueIdentifier>
    </Filter>
    <Filter Include="Headers\Potions">
      <UniqueIdentifier>{e70867d6-3a5f-4b65-b988-36e1b407ea4e}</UniqueIdentifier>
    </Filter>
    <Filter Include="Headers\API">
      <UniqueIdentifier>{87f6fdd9-0cad-4d1d-bf5c-ad9e4908a940}</UniqueIdentifier>
    </Filter>
    <Filter Include="Headers\Defaults">
      <UniqueIdentifier>{7b4c1d79-af56-47ec-9b47-47d8cfcec004}</UniqueIdentifier>
    </Filter>
  </ItemGroup>
  <ItemGroup>
    <None Include="$(MSBuildThisFileDirectory)caco-alch.ini">
      <Filter>Config</Filter>
    </None>
    <None Include="$(MSBuildThisFileDirectory)caco-ingredient-list.dat">
      <Filter>Config</Filter>
    </None>
  </ItemGroup>
  <ItemGroup>
    <ClInclude Include="$(MSBuildThisFileDirectory)Alchemy.hpp">
      <Filter>Headers</Filter>
    </ClInclude>
    <ClInclude Include="$(MSBuildThisFileDirectory)Effect.hpp">
      <Filter>Headers\Ingredients</Filter>
    </ClInclude>
    <ClInclude Include="$(MSBuildThisFileDirectory)Ingredient.hpp">
      <Filter>Headers\Ingredients</Filter>
    </ClInclude>
    <ClInclude Include="$(MSBuildThisFileDirectory)IngredientCache.hpp">
      <Filter>Headers\Ingredients</Filter>
    </ClInclude>
    <ClInclude Include="$(MSBuildThisFileDirectory)Keyword.hpp">
      <Filter>Headers\Ingredients</Filter>
    </ClInclude>
    <ClInclude Include="$(MSBuildThisFileDirectory)Potion.hpp">
      <Filter>Headers\Potions</Filter>
    </ClInclude>
    <ClInclude Include="$(MSBuildThisFileDirectory)GameConfig.hpp">
      <Filter>Headers\Potions</Filter>
    </ClInclude>
    <ClInclude Include="$(MSBuildThisFileDirectory)ColorAPI.hpp">
      <Filter>Headers\API</Filter>
    </ClInclude>
    <ClInclude Include="$(MSBuildThisFileDirectory)ColorConfigLoader.hpp">
      <Filter>Headers\API</Filter>
    </ClInclude>
    <ClInclude Include="$(MSBuildThisFileDirectory)Format.hpp">
      <Filter>Headers\API</Filter>
    </ClInclude>
    <ClInclude Include="$(MSBuildThisFileDirectory)OutputFormat.hpp">
      <Filter>Headers\API</Filter>
    </ClInclude>
    <ClInclude Include="$(MSBuildThisFileDirectory)DefaultObjects.hpp">
      <Filter>Headers\Defaults</Filter>
    </ClInclude>
    <ClInclude Include="$(MSBuildThisFileDirectory)ObjectBase.hpp">
      <Filter>Headers\Defaults</Filter>
    </ClInclude>
    <ClInclude Include="$(MSBuildThisFileDirectory)using.h">
      <Filter>Headers\Defaults</Filter>
    </ClInclude>
    <ClInclude Include="$(MSBuildThisFileDirectory)reloader.hpp">
      <Filter>Headers\API</Filter>
    </ClInclude>
  </ItemGroup>
</Project>