<?xml version="1.0" encoding="utf-8"?>
<Project ToolsVersion="4.0" xmlns="http://schemas.microsoft.com/developer/msbuild/2003">
  <ItemGroup>
    <Filter Include="Resources">
      <UniqueIdentifier>{1daf27d6-3a84-4af3-9ede-9c7821522cde}</UniqueIdentifier>
    </Filter>
    <Filter Include="Source Files">
      <UniqueIdentifier>{daa1a579-7341-4e30-8b1d-5b197cfa91e9}</UniqueIdentifier>
    </Filter>
    <Filter Include="Headers">
      <UniqueIdentifier>{7897edbf-7e06-49a4-a11e-ce3069fcb0b0}</UniqueIdentifier>
    </Filter>
    <Filter Include="Config-Release">
      <UniqueIdentifier>{1ef2112d-bc22-478e-82dc-98a1e02b6bc2}</UniqueIdentifier>
    </Filter>
  </ItemGroup>
  <ItemGroup>
    <ClCompile Include="main.cpp">
      <Filter>Source Files</Filter>
    </ClCompile>
  </ItemGroup>
  <ItemGroup>
    <Image Include="alch_win.ico">
      <Filter>Resources</Filter>
    </Image>
  </ItemGroup>
  <ItemGroup>
    <ResourceCompile Include="alch-windows.rc">
      <Filter>Resources</Filter>
    </ResourceCompile>
  </ItemGroup>
  <ItemGroup>
    <ClInclude Include="resource.h">
      <Filter>Resources</Filter>
    </ClInclude>
    <ClInclude Include="Instance.hpp">
      <Filter>Headers</Filter>
    </ClInclude>
  </ItemGroup>
  <ItemGroup>
    <None Include="..\Release\alch.ingredients">
      <Filter>Config-Release</Filter>
    </None>
    <None Include="..\Release\alch-GameConfig.ini">
      <Filter>Config-Release</Filter>
    </None>
  </ItemGroup>
</Project>